// !$*UTF8*$!
{
	archiveVersion = 1;
	classes = {
	};
	objectVersion = 46;
	objects = {

/* Begin PBXFileReference section */
		E3613AFD1CACA00C008BA786 /* Mini reto.playground */ = {isa = PBXFileReference; lastKnownFileType = file.playground; name = "Mini reto.playground"; path = "../Mini reto.playground"; sourceTree = "<group>"; };
/* End PBXFileReference section */

/* Begin PBXGroup section */
		E3613AF51CAC9FEC008BA786 = {
			isa = PBXGroup;
			children = (
				E3613AFC1CAC9FF3008BA786 /* Mini reto Semana 2 */,
			);
			sourceTree = "<group>";
		};
		E3613AFC1CAC9FF3008BA786 /* Mini reto Semana 2 */ = {
			isa = PBXGroup;
			children = (
				E3613AFD1CACA00C008BA786 /* Mini reto.playground */,
			);
			name = "Mini reto Semana 2";
			sourceTree = "<group>";
		};
/* End PBXGroup section */

/* Begin PBXProject section */
		E3613AF61CAC9FEC008BA786 /* Project object */ = {
			isa = PBXProject;
			attributes = {
				LastUpgradeCheck = 0730;
			};
			buildConfigurationList = E3613AF91CAC9FEC008BA786 /* Build configuration list for PBXProject "MiniReto" */;
			compatibilityVersion = "Xcode 3.2";
			developmentRegion = English;
			hasScannedForEncodings = 0;
			knownRegions = (
				en,
			);
			mainGroup = E3613AF51CAC9FEC008BA786;
			projectDirPath = "";
			projectRoot = "";
			targets = (
			);
		};
/* End PBXProject section */

/* Begin XCBuildConfiguration section */
		E3613AFA1CAC9FEC008BA786 /* Debug */ = {
			isa = XCBuildConfiguration;
			buildSettings = {
			};
			name = Debug;
		};
		E3613AFB1CAC9FEC008BA786 /* Release */ = {
			isa = XCBuildConfiguration;
			buildSettings = {
			};
			name = Release;
		};
/* End XCBuildConfiguration section */

/* Begin XCConfigurationList section */
		E3613AF91CAC9FEC008BA786 /* Build configuration list for PBXProject "MiniReto" */ = {
			isa = XCConfigurationList;
			buildConfigurations = (
				E3613AFA1CAC9FEC008BA786 /* Debug */,
				E3613AFB1CAC9FEC008BA786 /* Release */,
			);
			defaultConfigurationIsVisible = 0;
			defaultConfigurationName = Release;
		};
/* End XCConfigurationList section */
	};
	rootObject = E3613AF61CAC9FEC008BA786 /* Project object */;
}
